// !$*UTF8*$!
{
	archiveVersion = 1;
	classes = {
	};
	objectVersion = 48;
	objects = {

/* Begin PBXBuildFile section */
		975F56C31F99115F00644F0A /* Lato-Black.ttf in Resources */ = {isa = PBXBuildFile; fileRef = 975F56BF1F99113300644F0A /* Lato-Black.ttf */; };
		975F56C41F99115F00644F0A /* Lato-BlackItalic.ttf in Resources */ = {isa = PBXBuildFile; fileRef = 975F56BE1F99113300644F0A /* Lato-BlackItalic.ttf */; };
		975F56C51F99115F00644F0A /* Lato-Bold.ttf in Resources */ = {isa = PBXBuildFile; fileRef = 975F56B91F99113200644F0A /* Lato-Bold.ttf */; };
		975F56C61F99115F00644F0A /* Lato-BoldItalic.ttf in Resources */ = {isa = PBXBuildFile; fileRef = 975F56BB1F99113300644F0A /* Lato-BoldItalic.ttf */; };
		975F56C71F99115F00644F0A /* Lato-Hairline.ttf in Resources */ = {isa = PBXBuildFile; fileRef = 975F56C01F99113300644F0A /* Lato-Hairline.ttf */; };
		975F56C81F99115F00644F0A /* Lato-HairlineItalic.ttf in Resources */ = {isa = PBXBuildFile; fileRef = 975F56BC1F99113300644F0A /* Lato-HairlineItalic.ttf */; };
		975F56C91F99115F00644F0A /* Lato-Italic.ttf in Resources */ = {isa = PBXBuildFile; fileRef = 975F56BD1F99113300644F0A /* Lato-Italic.ttf */; };
		975F56CA1F99115F00644F0A /* Lato-Light.ttf in Resources */ = {isa = PBXBuildFile; fileRef = 975F56BA1F99113200644F0A /* Lato-Light.ttf */; };
		975F56CB1F99115F00644F0A /* Lato-LightItalic.ttf in Resources */ = {isa = PBXBuildFile; fileRef = 975F56C11F99113300644F0A /* Lato-LightItalic.ttf */; };
		975F56CC1F99115F00644F0A /* Lato-Regular.ttf in Resources */ = {isa = PBXBuildFile; fileRef = 975F56C21F99113300644F0A /* Lato-Regular.ttf */; };
		9779F7AA1F7DAC350065665E /* AppDelegate.swift in Sources */ = {isa = PBXBuildFile; fileRef = 9779F7A91F7DAC350065665E /* AppDelegate.swift */; };
		9779F7AF1F7DAC350065665E /* Main.storyboard in Resources */ = {isa = PBXBuildFile; fileRef = 9779F7AD1F7DAC350065665E /* Main.storyboard */; };
		9779F7B41F7DAC350065665E /* Assets.xcassets in Resources */ = {isa = PBXBuildFile; fileRef = 9779F7B31F7DAC350065665E /* Assets.xcassets */; };
		9779F7B71F7DAC350065665E /* LaunchScreen.storyboard in Resources */ = {isa = PBXBuildFile; fileRef = 9779F7B51F7DAC350065665E /* LaunchScreen.storyboard */; };
		9779F7BF1F7E8BB50065665E /* UserModel.swift in Sources */ = {isa = PBXBuildFile; fileRef = 9779F7BE1F7E8BB50065665E /* UserModel.swift */; };
		9779F7C41F7E8F2A0065665E /* AccountViewController.swift in Sources */ = {isa = PBXBuildFile; fileRef = 9779F7C31F7E8F2A0065665E /* AccountViewController.swift */; };
		9779F7C81F7EA06B0065665E /* customCell.swift in Sources */ = {isa = PBXBuildFile; fileRef = 9779F7C71F7EA06B0065665E /* customCell.swift */; };
		9779F7CC1F7EA1A40065665E /* dropdownButtonCell.xib in Resources */ = {isa = PBXBuildFile; fileRef = 9779F7CB1F7EA1A40065665E /* dropdownButtonCell.xib */; };
		9779F7CE1F7EA2B40065665E /* addItemCell.xib in Resources */ = {isa = PBXBuildFile; fileRef = 9779F7CD1F7EA2B40065665E /* addItemCell.xib */; };
		9779F7D11F7EA38E0065665E /* switchCell.xib in Resources */ = {isa = PBXBuildFile; fileRef = 9779F7D01F7EA38E0065665E /* switchCell.xib */; };
		9779F7D31F7EBE760065665E /* accountTableViewCellsDescription.plist in Resources */ = {isa = PBXBuildFile; fileRef = 9779F7D21F7EBE760065665E /* accountTableViewCellsDescription.plist */; };
		9779F7D51F7EC6A90065665E /* basicCell.xib in Resources */ = {isa = PBXBuildFile; fileRef = 9779F7D41F7EC6A90065665E /* basicCell.xib */; };
		9779F7D71F7EC8E20065665E /* customCellsViewModel.swift in Sources */ = {isa = PBXBuildFile; fileRef = 9779F7D61F7EC8E20065665E /* customCellsViewModel.swift */; };
		977AE1621F9A0B9600257CD1 /* tableViewHeader.xib in Resources */ = {isa = PBXBuildFile; fileRef = 977AE1611F9A0B9600257CD1 /* tableViewHeader.xib */; };
		977AE1641F9A0D9A00257CD1 /* tableViewHeaderView.swift in Sources */ = {isa = PBXBuildFile; fileRef = 977AE1631F9A0D9A00257CD1 /* tableViewHeaderView.swift */; };
		978740CB1F8D382100EADB65 /* DynamicTableView.swift in Sources */ = {isa = PBXBuildFile; fileRef = 978740CA1F8D382100EADB65 /* DynamicTableView.swift */; };
		979A259C1F99179B00FB34D0 /* designExtensions.swift in Sources */ = {isa = PBXBuildFile; fileRef = 979A259B1F99179B00FB34D0 /* designExtensions.swift */; };
		97A07AF01FA5F55C008B1216 /* pagesScrollView.swift in Sources */ = {isa = PBXBuildFile; fileRef = 97A07AEF1FA5F55C008B1216 /* pagesScrollView.swift */; };
		97C1BB201FA8D7B1009BFDCA /* pageView.xib in Resources */ = {isa = PBXBuildFile; fileRef = 97C1BB1F1FA8D7B1009BFDCA /* pageView.xib */; };
		97C798221F9D1C7A0085ED2D /* SettingsTableViewController.swift in Sources */ = {isa = PBXBuildFile; fileRef = 97C798211F9D1C7A0085ED2D /* SettingsTableViewController.swift */; };
		97C798241F9D1E3D0085ED2D /* settingsCells.plist in Resources */ = {isa = PBXBuildFile; fileRef = 97C798231F9D1E3D0085ED2D /* settingsCells.plist */; };
		97E7A54A1FA77CCD00DFA291 /* VacancyTableViewController.swift in Sources */ = {isa = PBXBuildFile; fileRef = 97E7A5491FA77CCD00DFA291 /* VacancyTableViewController.swift */; };
		97E7A54C1FA77ED100DFA291 /* VacancyTableViewCell.swift in Sources */ = {isa = PBXBuildFile; fileRef = 97E7A54B1FA77ED100DFA291 /* VacancyTableViewCell.swift */; };
/* End PBXBuildFile section */

/* Begin PBXFileReference section */
		975F56B91F99113200644F0A /* Lato-Bold.ttf */ = {isa = PBXFileReference; lastKnownFileType = file; path = "Lato-Bold.ttf"; sourceTree = "<group>"; };
		975F56BA1F99113200644F0A /* Lato-Light.ttf */ = {isa = PBXFileReference; lastKnownFileType = file; path = "Lato-Light.ttf"; sourceTree = "<group>"; };
		975F56BB1F99113300644F0A /* Lato-BoldItalic.ttf */ = {isa = PBXFileReference; lastKnownFileType = file; path = "Lato-BoldItalic.ttf"; sourceTree = "<group>"; };
		975F56BC1F99113300644F0A /* Lato-HairlineItalic.ttf */ = {isa = PBXFileReference; lastKnownFileType = file; path = "Lato-HairlineItalic.ttf"; sourceTree = "<group>"; };
		975F56BD1F99113300644F0A /* Lato-Italic.ttf */ = {isa = PBXFileReference; lastKnownFileType = file; path = "Lato-Italic.ttf"; sourceTree = "<group>"; };
		975F56BE1F99113300644F0A /* Lato-BlackItalic.ttf */ = {isa = PBXFileReference; lastKnownFileType = file; path = "Lato-BlackItalic.ttf"; sourceTree = "<group>"; };
		975F56BF1F99113300644F0A /* Lato-Black.ttf */ = {isa = PBXFileReference; lastKnownFileType = file; path = "Lato-Black.ttf"; sourceTree = "<group>"; };
		975F56C01F99113300644F0A /* Lato-Hairline.ttf */ = {isa = PBXFileReference; lastKnownFileType = file; path = "Lato-Hairline.ttf"; sourceTree = "<group>"; };
		975F56C11F99113300644F0A /* Lato-LightItalic.ttf */ = {isa = PBXFileReference; lastKnownFileType = file; path = "Lato-LightItalic.ttf"; sourceTree = "<group>"; };
		975F56C21F99113300644F0A /* Lato-Regular.ttf */ = {isa = PBXFileReference; lastKnownFileType = file; path = "Lato-Regular.ttf"; sourceTree = "<group>"; };
		9779F7A61F7DAC350065665E /* HseAlum.app */ = {isa = PBXFileReference; explicitFileType = wrapper.application; includeInIndex = 0; path = HseAlum.app; sourceTree = BUILT_PRODUCTS_DIR; };
		9779F7A91F7DAC350065665E /* AppDelegate.swift */ = {isa = PBXFileReference; lastKnownFileType = sourcecode.swift; path = AppDelegate.swift; sourceTree = "<group>"; };
		9779F7AE1F7DAC350065665E /* Base */ = {isa = PBXFileReference; lastKnownFileType = file.storyboard; name = Base; path = Base.lproj/Main.storyboard; sourceTree = "<group>"; };
		9779F7B31F7DAC350065665E /* Assets.xcassets */ = {isa = PBXFileReference; lastKnownFileType = folder.assetcatalog; path = Assets.xcassets; sourceTree = "<group>"; };
		9779F7B61F7DAC350065665E /* Base */ = {isa = PBXFileReference; lastKnownFileType = file.storyboard; name = Base; path = Base.lproj/LaunchScreen.storyboard; sourceTree = "<group>"; };
		9779F7B81F7DAC350065665E /* Info.plist */ = {isa = PBXFileReference; lastKnownFileType = text.plist.xml; path = Info.plist; sourceTree = "<group>"; };
		9779F7BE1F7E8BB50065665E /* UserModel.swift */ = {isa = PBXFileReference; lastKnownFileType = sourcecode.swift; path = UserModel.swift; sourceTree = "<group>"; };
		9779F7C31F7E8F2A0065665E /* AccountViewController.swift */ = {isa = PBXFileReference; lastKnownFileType = sourcecode.swift; path = AccountViewController.swift; sourceTree = "<group>"; };
		9779F7C71F7EA06B0065665E /* customCell.swift */ = {isa = PBXFileReference; lastKnownFileType = sourcecode.swift; path = customCell.swift; sourceTree = "<group>"; };
		9779F7CB1F7EA1A40065665E /* dropdownButtonCell.xib */ = {isa = PBXFileReference; lastKnownFileType = file.xib; path = dropdownButtonCell.xib; sourceTree = "<group>"; };
		9779F7CD1F7EA2B40065665E /* addItemCell.xib */ = {isa = PBXFileReference; lastKnownFileType = file.xib; path = addItemCell.xib; sourceTree = "<group>"; };
		9779F7D01F7EA38E0065665E /* switchCell.xib */ = {isa = PBXFileReference; lastKnownFileType = file.xib; path = switchCell.xib; sourceTree = "<group>"; };
		9779F7D21F7EBE760065665E /* accountTableViewCellsDescription.plist */ = {isa = PBXFileReference; lastKnownFileType = text.plist.xml; path = accountTableViewCellsDescription.plist; sourceTree = "<group>"; };
		9779F7D41F7EC6A90065665E /* basicCell.xib */ = {isa = PBXFileReference; lastKnownFileType = file.xib; path = basicCell.xib; sourceTree = "<group>"; };
		9779F7D61F7EC8E20065665E /* customCellsViewModel.swift */ = {isa = PBXFileReference; lastKnownFileType = sourcecode.swift; path = customCellsViewModel.swift; sourceTree = "<group>"; };
		977AE1611F9A0B9600257CD1 /* tableViewHeader.xib */ = {isa = PBXFileReference; lastKnownFileType = file.xib; path = tableViewHeader.xib; sourceTree = "<group>"; };
		977AE1631F9A0D9A00257CD1 /* tableViewHeaderView.swift */ = {isa = PBXFileReference; lastKnownFileType = sourcecode.swift; path = tableViewHeaderView.swift; sourceTree = "<group>"; };
		978740CA1F8D382100EADB65 /* DynamicTableView.swift */ = {isa = PBXFileReference; lastKnownFileType = sourcecode.swift; path = DynamicTableView.swift; sourceTree = "<group>"; };
		979A259B1F99179B00FB34D0 /* designExtensions.swift */ = {isa = PBXFileReference; lastKnownFileType = sourcecode.swift; path = designExtensions.swift; sourceTree = "<group>"; };
		97A07AEF1FA5F55C008B1216 /* pagesScrollView.swift */ = {isa = PBXFileReference; lastKnownFileType = sourcecode.swift; path = pagesScrollView.swift; sourceTree = "<group>"; };
		97C1BB1F1FA8D7B1009BFDCA /* pageView.xib */ = {isa = PBXFileReference; lastKnownFileType = file.xib; path = pageView.xib; sourceTree = "<group>"; };
		97C798211F9D1C7A0085ED2D /* SettingsTableViewController.swift */ = {isa = PBXFileReference; lastKnownFileType = sourcecode.swift; path = SettingsTableViewController.swift; sourceTree = "<group>"; };
		97C798231F9D1E3D0085ED2D /* settingsCells.plist */ = {isa = PBXFileReference; lastKnownFileType = text.plist.xml; path = settingsCells.plist; sourceTree = "<group>"; };
		97E7A5491FA77CCD00DFA291 /* VacancyTableViewController.swift */ = {isa = PBXFileReference; lastKnownFileType = sourcecode.swift; path = VacancyTableViewController.swift; sourceTree = "<group>"; };
		97E7A54B1FA77ED100DFA291 /* VacancyTableViewCell.swift */ = {isa = PBXFileReference; lastKnownFileType = sourcecode.swift; path = VacancyTableViewCell.swift; sourceTree = "<group>"; };
/* End PBXFileReference section */

/* Begin PBXFrameworksBuildPhase section */
		9779F7A31F7DAC350065665E /* Frameworks */ = {
			isa = PBXFrameworksBuildPhase;
			buildActionMask = 2147483647;
			files = (
			);
			runOnlyForDeploymentPostprocessing = 0;
		};
/* End PBXFrameworksBuildPhase section */

/* Begin PBXGroup section */
		975F56B81F99112400644F0A /* Fonts */ = {
			isa = PBXGroup;
			children = (
				975F56BF1F99113300644F0A /* Lato-Black.ttf */,
				975F56BE1F99113300644F0A /* Lato-BlackItalic.ttf */,
				975F56B91F99113200644F0A /* Lato-Bold.ttf */,
				975F56BB1F99113300644F0A /* Lato-BoldItalic.ttf */,
				975F56C01F99113300644F0A /* Lato-Hairline.ttf */,
				975F56BC1F99113300644F0A /* Lato-HairlineItalic.ttf */,
				975F56BD1F99113300644F0A /* Lato-Italic.ttf */,
				975F56BA1F99113200644F0A /* Lato-Light.ttf */,
				975F56C11F99113300644F0A /* Lato-LightItalic.ttf */,
				975F56C21F99113300644F0A /* Lato-Regular.ttf */,
			);
			path = Fonts;
			sourceTree = "<group>";
		};
		9779F79D1F7DAC350065665E = {
			isa = PBXGroup;
			children = (
				9779F7A81F7DAC350065665E /* HseAlum */,
				9779F7A71F7DAC350065665E /* Products */,
			);
			sourceTree = "<group>";
		};
		9779F7A71F7DAC350065665E /* Products */ = {
			isa = PBXGroup;
			children = (
				9779F7A61F7DAC350065665E /* HseAlum.app */,
			);
			name = Products;
			sourceTree = "<group>";
		};
		9779F7A81F7DAC350065665E /* HseAlum */ = {
			isa = PBXGroup;
			children = (
				97D024C31F7EE7E90010E59C /* Controller */,
				9779F7C01F7E8E9F0065665E /* Model */,
				9779F7C21F7E8EDD0065665E /* View */,
				9779F7D91F7EDC9A0065665E /* View Model */,
				9779F7C11F7E8ED00065665E /* Additionals */,
			);
			path = HseAlum;
			sourceTree = "<group>";
		};
		9779F7C01F7E8E9F0065665E /* Model */ = {
			isa = PBXGroup;
			children = (
				9779F7BE1F7E8BB50065665E /* UserModel.swift */,
			);
			path = Model;
			sourceTree = "<group>";
		};
		9779F7C11F7E8ED00065665E /* Additionals */ = {
			isa = PBXGroup;
			children = (
				979A259B1F99179B00FB34D0 /* designExtensions.swift */,
				975F56B81F99112400644F0A /* Fonts */,
				9779F7A91F7DAC350065665E /* AppDelegate.swift */,
				9779F7B31F7DAC350065665E /* Assets.xcassets */,
				9779F7B51F7DAC350065665E /* LaunchScreen.storyboard */,
				9779F7B81F7DAC350065665E /* Info.plist */,
			);
			path = Additionals;
			sourceTree = "<group>";
		};
		9779F7C21F7E8EDD0065665E /* View */ = {
			isa = PBXGroup;
			children = (
				97C1BB1F1FA8D7B1009BFDCA /* pageView.xib */,
				9779F7AD1F7DAC350065665E /* Main.storyboard */,
				977AE1651F9A109E00257CD1 /* Headers */,
				977AE1661F9A10B200257CD1 /* Custom classes */,
				9779F7CF1F7EA2E60065665E /* Custom cells xib */,
				9779F7D81F7EDC7A0065665E /* Cells Descriptions */,
			);
			path = View;
			sourceTree = "<group>";
		};
		9779F7CF1F7EA2E60065665E /* Custom cells xib */ = {
			isa = PBXGroup;
			children = (
				9779F7CB1F7EA1A40065665E /* dropdownButtonCell.xib */,
				9779F7D41F7EC6A90065665E /* basicCell.xib */,
				9779F7CD1F7EA2B40065665E /* addItemCell.xib */,
				9779F7D01F7EA38E0065665E /* switchCell.xib */,
			);
			path = "Custom cells xib";
			sourceTree = "<group>";
		};
		9779F7D81F7EDC7A0065665E /* Cells Descriptions */ = {
			isa = PBXGroup;
			children = (
				97C798231F9D1E3D0085ED2D /* settingsCells.plist */,
				9779F7D21F7EBE760065665E /* accountTableViewCellsDescription.plist */,
			);
			path = "Cells Descriptions";
			sourceTree = "<group>";
		};
		9779F7D91F7EDC9A0065665E /* View Model */ = {
			isa = PBXGroup;
			children = (
				97A07AEF1FA5F55C008B1216 /* pagesScrollView.swift */,
				9779F7D61F7EC8E20065665E /* customCellsViewModel.swift */,
			);
			path = "View Model";
			sourceTree = "<group>";
		};
		977AE1651F9A109E00257CD1 /* Headers */ = {
			isa = PBXGroup;
			children = (
				977AE1611F9A0B9600257CD1 /* tableViewHeader.xib */,
				977AE1631F9A0D9A00257CD1 /* tableViewHeaderView.swift */,
			);
			path = Headers;
			sourceTree = "<group>";
		};
		977AE1661F9A10B200257CD1 /* Custom classes */ = {
			isa = PBXGroup;
			children = (
				97E7A54B1FA77ED100DFA291 /* VacancyTableViewCell.swift */,
				978740CA1F8D382100EADB65 /* DynamicTableView.swift */,
				9779F7C71F7EA06B0065665E /* customCell.swift */,
			);
			path = "Custom classes";
			sourceTree = "<group>";
		};
		97D024C31F7EE7E90010E59C /* Controller */ = {
			isa = PBXGroup;
			children = (
				97E7A5491FA77CCD00DFA291 /* VacancyTableViewController.swift */,
				97C798211F9D1C7A0085ED2D /* SettingsTableViewController.swift */,
				9779F7C31F7E8F2A0065665E /* AccountViewController.swift */,
			);
			path = Controller;
			sourceTree = "<group>";
		};
/* End PBXGroup section */

/* Begin PBXNativeTarget section */
		9779F7A51F7DAC350065665E /* HseAlum */ = {
			isa = PBXNativeTarget;
			buildConfigurationList = 9779F7BB1F7DAC350065665E /* Build configuration list for PBXNativeTarget "HseAlum" */;
			buildPhases = (
				9779F7A21F7DAC350065665E /* Sources */,
				9779F7A31F7DAC350065665E /* Frameworks */,
				9779F7A41F7DAC350065665E /* Resources */,
			);
			buildRules = (
			);
			dependencies = (
			);
			name = HseAlum;
			productName = HseAlum;
			productReference = 9779F7A61F7DAC350065665E /* HseAlum.app */;
			productType = "com.apple.product-type.application";
		};
/* End PBXNativeTarget section */

/* Begin PBXProject section */
		9779F79E1F7DAC350065665E /* Project object */ = {
			isa = PBXProject;
			attributes = {
				LastSwiftUpdateCheck = 0900;
				LastUpgradeCheck = 0900;
				ORGANIZATIONNAME = "Бизнес в стиле .RU";
				TargetAttributes = {
					9779F7A51F7DAC350065665E = {
						CreatedOnToolsVersion = 9.0;
						ProvisioningStyle = Automatic;
					};
				};
			};
			buildConfigurationList = 9779F7A11F7DAC350065665E /* Build configuration list for PBXProject "HseAlum" */;
			compatibilityVersion = "Xcode 8.0";
			developmentRegion = en;
			hasScannedForEncodings = 0;
			knownRegions = (
				en,
				Base,
			);
			mainGroup = 9779F79D1F7DAC350065665E;
			productRefGroup = 9779F7A71F7DAC350065665E /* Products */;
			projectDirPath = "";
			projectRoot = "";
			targets = (
				9779F7A51F7DAC350065665E /* HseAlum */,
			);
		};
/* End PBXProject section */

/* Begin PBXResourcesBuildPhase section */
		9779F7A41F7DAC350065665E /* Resources */ = {
			isa = PBXResourcesBuildPhase;
			buildActionMask = 2147483647;
			files = (
				975F56C31F99115F00644F0A /* Lato-Black.ttf in Resources */,
				975F56C41F99115F00644F0A /* Lato-BlackItalic.ttf in Resources */,
				975F56C51F99115F00644F0A /* Lato-Bold.ttf in Resources */,
				975F56C61F99115F00644F0A /* Lato-BoldItalic.ttf in Resources */,
				975F56C71F99115F00644F0A /* Lato-Hairline.ttf in Resources */,
				975F56C81F99115F00644F0A /* Lato-HairlineItalic.ttf in Resources */,
				975F56C91F99115F00644F0A /* Lato-Italic.ttf in Resources */,
				975F56CA1F99115F00644F0A /* Lato-Light.ttf in Resources */,
				975F56CB1F99115F00644F0A /* Lato-LightItalic.ttf in Resources */,
				975F56CC1F99115F00644F0A /* Lato-Regular.ttf in Resources */,
				97C1BB201FA8D7B1009BFDCA /* pageView.xib in Resources */,
				97C798241F9D1E3D0085ED2D /* settingsCells.plist in Resources */,
				9779F7D51F7EC6A90065665E /* basicCell.xib in Resources */,
				9779F7CC1F7EA1A40065665E /* dropdownButtonCell.xib in Resources */,
				9779F7D11F7EA38E0065665E /* switchCell.xib in Resources */,
				977AE1621F9A0B9600257CD1 /* tableViewHeader.xib in Resources */,
				9779F7B71F7DAC350065665E /* LaunchScreen.storyboard in Resources */,
				9779F7CE1F7EA2B40065665E /* addItemCell.xib in Resources */,
				9779F7B41F7DAC350065665E /* Assets.xcassets in Resources */,
				9779F7D31F7EBE760065665E /* accountTableViewCellsDescription.plist in Resources */,
				9779F7AF1F7DAC350065665E /* Main.storyboard in Resources */,
			);
			runOnlyForDeploymentPostprocessing = 0;
		};
/* End PBXResourcesBuildPhase section */

/* Begin PBXSourcesBuildPhase section */
		9779F7A21F7DAC350065665E /* Sources */ = {
			isa = PBXSourcesBuildPhase;
			buildActionMask = 2147483647;
			files = (
				97E7A54A1FA77CCD00DFA291 /* VacancyTableViewController.swift in Sources */,
				97E7A54C1FA77ED100DFA291 /* VacancyTableViewCell.swift in Sources */,
				978740CB1F8D382100EADB65 /* DynamicTableView.swift in Sources */,
				9779F7AA1F7DAC350065665E /* AppDelegate.swift in Sources */,
				9779F7D71F7EC8E20065665E /* customCellsViewModel.swift in Sources */,
				977AE1641F9A0D9A00257CD1 /* tableViewHeaderView.swift in Sources */,
				9779F7BF1F7E8BB50065665E /* UserModel.swift in Sources */,
				9779F7C81F7EA06B0065665E /* customCell.swift in Sources */,
				979A259C1F99179B00FB34D0 /* designExtensions.swift in Sources */,
				9779F7C41F7E8F2A0065665E /* AccountViewController.swift in Sources */,
				97A07AF01FA5F55C008B1216 /* pagesScrollView.swift in Sources */,
				97C798221F9D1C7A0085ED2D /* SettingsTableViewController.swift in Sources */,
			);
			runOnlyForDeploymentPostprocessing = 0;
		};
/* End PBXSourcesBuildPhase section */

/* Begin PBXVariantGroup section */
		9779F7AD1F7DAC350065665E /* Main.storyboard */ = {
			isa = PBXVariantGroup;
			children = (
				9779F7AE1F7DAC350065665E /* Base */,
			);
			name = Main.storyboard;
			sourceTree = "<group>";
		};
		9779F7B51F7DAC350065665E /* LaunchScreen.storyboard */ = {
			isa = PBXVariantGroup;
			children = (
				9779F7B61F7DAC350065665E /* Base */,
			);
			name = LaunchScreen.storyboard;
			sourceTree = "<group>";
		};
/* End PBXVariantGroup section */

/* Begin XCBuildConfiguration section */
		9779F7B91F7DAC350065665E /* Debug */ = {
			isa = XCBuildConfiguration;
			buildSettings = {
				ALWAYS_SEARCH_USER_PATHS = NO;
				CLANG_ANALYZER_NONNULL = YES;
				CLANG_ANALYZER_NUMBER_OBJECT_CONVERSION = YES_AGGRESSIVE;
				CLANG_CXX_LANGUAGE_STANDARD = "gnu++14";
				CLANG_CXX_LIBRARY = "libc++";
				CLANG_ENABLE_MODULES = YES;
				CLANG_ENABLE_OBJC_ARC = YES;
				CLANG_WARN_BLOCK_CAPTURE_AUTORELEASING = YES;
				CLANG_WARN_BOOL_CONVERSION = YES;
				CLANG_WARN_COMMA = YES;
				CLANG_WARN_CONSTANT_CONVERSION = YES;
				CLANG_WARN_DIRECT_OBJC_ISA_USAGE = YES_ERROR;
				CLANG_WARN_DOCUMENTATION_COMMENTS = YES;
				CLANG_WARN_EMPTY_BODY = YES;
				CLANG_WARN_ENUM_CONVERSION = YES;
				CLANG_WARN_INFINITE_RECURSION = YES;
				CLANG_WARN_INT_CONVERSION = YES;
				CLANG_WARN_NON_LITERAL_NULL_CONVERSION = YES;
				CLANG_WARN_OBJC_LITERAL_CONVERSION = YES;
				CLANG_WARN_OBJC_ROOT_CLASS = YES_ERROR;
				CLANG_WARN_RANGE_LOOP_ANALYSIS = YES;
				CLANG_WARN_STRICT_PROTOTYPES = YES;
				CLANG_WARN_SUSPICIOUS_MOVE = YES;
				CLANG_WARN_UNGUARDED_AVAILABILITY = YES_AGGRESSIVE;
				CLANG_WARN_UNREACHABLE_CODE = YES;
				CLANG_WARN__DUPLICATE_METHOD_MATCH = YES;
				CODE_SIGN_IDENTITY = "iPhone Developer";
				COPY_PHASE_STRIP = NO;
				DEBUG_INFORMATION_FORMAT = dwarf;
				ENABLE_STRICT_OBJC_MSGSEND = YES;
				ENABLE_TESTABILITY = YES;
				GCC_C_LANGUAGE_STANDARD = gnu11;
				GCC_DYNAMIC_NO_PIC = NO;
				GCC_NO_COMMON_BLOCKS = YES;
				GCC_OPTIMIZATION_LEVEL = 0;
				GCC_PREPROCESSOR_DEFINITIONS = (
					"DEBUG=1",
					"$(inherited)",
				);
				GCC_WARN_64_TO_32_BIT_CONVERSION = YES;
				GCC_WARN_ABOUT_RETURN_TYPE = YES_ERROR;
				GCC_WARN_UNDECLARED_SELECTOR = YES;
				GCC_WARN_UNINITIALIZED_AUTOS = YES_AGGRESSIVE;
				GCC_WARN_UNUSED_FUNCTION = YES;
				GCC_WARN_UNUSED_VARIABLE = YES;
				IPHONEOS_DEPLOYMENT_TARGET = 11.0;
				MTL_ENABLE_DEBUG_INFO = YES;
				ONLY_ACTIVE_ARCH = YES;
				SDKROOT = iphoneos;
				SWIFT_ACTIVE_COMPILATION_CONDITIONS = DEBUG;
				SWIFT_OPTIMIZATION_LEVEL = "-Onone";
			};
			name = Debug;
		};
		9779F7BA1F7DAC350065665E /* Release */ = {
			isa = XCBuildConfiguration;
			buildSettings = {
				ALWAYS_SEARCH_USER_PATHS = NO;
				CLANG_ANALYZER_NONNULL = YES;
				CLANG_ANALYZER_NUMBER_OBJECT_CONVERSION = YES_AGGRESSIVE;
				CLANG_CXX_LANGUAGE_STANDARD = "gnu++14";
				CLANG_CXX_LIBRARY = "libc++";
				CLANG_ENABLE_MODULES = YES;
				CLANG_ENABLE_OBJC_ARC = YES;
				CLANG_WARN_BLOCK_CAPTURE_AUTORELEASING = YES;
				CLANG_WARN_BOOL_CONVERSION = YES;
				CLANG_WARN_COMMA = YES;
				CLANG_WARN_CONSTANT_CONVERSION = YES;
				CLANG_WARN_DIRECT_OBJC_ISA_USAGE = YES_ERROR;
				CLANG_WARN_DOCUMENTATION_COMMENTS = YES;
				CLANG_WARN_EMPTY_BODY = YES;
				CLANG_WARN_ENUM_CONVERSION = YES;
				CLANG_WARN_INFINITE_RECURSION = YES;
				CLANG_WARN_INT_CONVERSION = YES;
				CLANG_WARN_NON_LITERAL_NULL_CONVERSION = YES;
				CLANG_WARN_OBJC_LITERAL_CONVERSION = YES;
				CLANG_WARN_OBJC_ROOT_CLASS = YES_ERROR;
				CLANG_WARN_RANGE_LOOP_ANALYSIS = YES;
				CLANG_WARN_STRICT_PROTOTYPES = YES;
				CLANG_WARN_SUSPICIOUS_MOVE = YES;
				CLANG_WARN_UNGUARDED_AVAILABILITY = YES_AGGRESSIVE;
				CLANG_WARN_UNREACHABLE_CODE = YES;
				CLANG_WARN__DUPLICATE_METHOD_MATCH = YES;
				CODE_SIGN_IDENTITY = "iPhone Developer";
				COPY_PHASE_STRIP = NO;
				DEBUG_INFORMATION_FORMAT = "dwarf-with-dsym";
				ENABLE_NS_ASSERTIONS = NO;
				ENABLE_STRICT_OBJC_MSGSEND = YES;
				GCC_C_LANGUAGE_STANDARD = gnu11;
				GCC_NO_COMMON_BLOCKS = YES;
				GCC_WARN_64_TO_32_BIT_CONVERSION = YES;
				GCC_WARN_ABOUT_RETURN_TYPE = YES_ERROR;
				GCC_WARN_UNDECLARED_SELECTOR = YES;
				GCC_WARN_UNINITIALIZED_AUTOS = YES_AGGRESSIVE;
				GCC_WARN_UNUSED_FUNCTION = YES;
				GCC_WARN_UNUSED_VARIABLE = YES;
				IPHONEOS_DEPLOYMENT_TARGET = 11.0;
				MTL_ENABLE_DEBUG_INFO = NO;
				SDKROOT = iphoneos;
				SWIFT_OPTIMIZATION_LEVEL = "-Owholemodule";
				VALIDATE_PRODUCT = YES;
			};
			name = Release;
		};
		9779F7BC1F7DAC350065665E /* Debug */ = {
			isa = XCBuildConfiguration;
			buildSettings = {
				ASSETCATALOG_COMPILER_APPICON_NAME = AppIcon;
				CODE_SIGN_STYLE = Automatic;
				DEVELOPMENT_TEAM = D88E66YRRN;
				INFOPLIST_FILE = "$(SRCROOT)/HseAlum/Additionals/Info.plist";
				IPHONEOS_DEPLOYMENT_TARGET = 9.0;
				LD_RUNPATH_SEARCH_PATHS = "$(inherited) @executable_path/Frameworks";
				PRODUCT_BUNDLE_IDENTIFIER = "-00wd--wd.HseAlum";
				PRODUCT_NAME = "$(TARGET_NAME)";
				SWIFT_VERSION = 4.0;
				TARGETED_DEVICE_FAMILY = "1,2";
			};
			name = Debug;
		};
		9779F7BD1F7DAC350065665E /* Release */ = {
			isa = XCBuildConfiguration;
			buildSettings = {
				ASSETCATALOG_COMPILER_APPICON_NAME = AppIcon;
				CODE_SIGN_STYLE = Automatic;
				DEVELOPMENT_TEAM = D88E66YRRN;
				INFOPLIST_FILE = "$(SRCROOT)/HseAlum/Additionals/Info.plist";
				IPHONEOS_DEPLOYMENT_TARGET = 9.0;
				LD_RUNPATH_SEARCH_PATHS = "$(inherited) @executable_path/Frameworks";
				PRODUCT_BUNDLE_IDENTIFIER = "-00wd--wd.HseAlum";
				PRODUCT_NAME = "$(TARGET_NAME)";
				SWIFT_VERSION = 4.0;
				TARGETED_DEVICE_FAMILY = "1,2";
			};
			name = Release;
		};
/* End XCBuildConfiguration section */

/* Begin XCConfigurationList section */
		9779F7A11F7DAC350065665E /* Build configuration list for PBXProject "HseAlum" */ = {
			isa = XCConfigurationList;
			buildConfigurations = (
				9779F7B91F7DAC350065665E /* Debug */,
				9779F7BA1F7DAC350065665E /* Release */,
			);
			defaultConfigurationIsVisible = 0;
			defaultConfigurationName = Release;
		};
		9779F7BB1F7DAC350065665E /* Build configuration list for PBXNativeTarget "HseAlum" */ = {
			isa = XCConfigurationList;
			buildConfigurations = (
				9779F7BC1F7DAC350065665E /* Debug */,
				9779F7BD1F7DAC350065665E /* Release */,
			);
			defaultConfigurationIsVisible = 0;
			defaultConfigurationName = Release;
		};
/* End XCConfigurationList section */
	};
	rootObject = 9779F79E1F7DAC350065665E /* Project object */;
}
